
Microsoft Visual Studio Solution File, Format Version 12.00
# Visual Studio Version 17
VisualStudioVersion = 17.0.31903.59
MinimumVisualStudioVersion = 10.0.40219.1
Project("{FAE04EC0-301F-11D3-BF4B-00C04F79EFBC}") = "WebApi", "WebApi\WebApi.csproj", "{BFD2CD78-7FB2-48AF-8E37-32F43AEFED22}"
EndProject
Project("{FAE04EC0-301F-11D3-BF4B-00C04F79EFBC}") = "Application", "Application\Application.csproj", "{0EC4AD21-1848-4FDA-9587-D5B7F86C414F}"
EndProject
Project("{FAE04EC0-301F-11D3-BF4B-00C04F79EFBC}") = "Domain", "Domain\Domain.csproj", "{D1349850-EB98-40E6-B646-F0107E04837A}"
EndProject
Project("{FAE04EC0-301F-11D3-BF4B-00C04F79EFBC}") = "Infrastructure", "Infrastructure\Infrastructure.csproj", "{181BEFBA-922A-4023-AAF2-5F7E505DA442}"
EndProject
Project("{FAE04EC0-301F-11D3-BF4B-00C04F79EFBC}") = "Application.UnitTests", "tests\UnitTests\Application.Tests\Application.UnitTests.csproj", "{F0FEF740-0E50-1F47-EBCB-9C2025A58939}"
EndProject
Project("{FAE04EC0-301F-11D3-BF4B-00C04F79EFBC}") = "API.IntegrationTests", "tests\API.IntegrationTests\API.IntegrationTests.csproj", "{303B9CD7-CB5B-AB4A-80DC-12CB9FB10582}"
EndProject
Global
	GlobalSection(SolutionConfigurationPlatforms) = preSolution
		Debug|Any CPU = Debug|Any CPU
		Debug|x64 = Debug|x64
		Debug|x86 = Debug|x86
		Release|Any CPU = Release|Any CPU
		Release|x64 = Release|x64
		Release|x86 = Release|x86
	EndGlobalSection
	GlobalSection(ProjectConfigurationPlatforms) = postSolution
		{BFD2CD78-7FB2-48AF-8E37-32F43AEFED22}.Debug|Any CPU.ActiveCfg = Debug|Any CPU
		{BFD2CD78-7FB2-48AF-8E37-32F43AEFED22}.Debug|Any CPU.Build.0 = Debug|Any CPU
		{BFD2CD78-7FB2-48AF-8E37-32F43AEFED22}.Debug|x64.ActiveCfg = Debug|Any CPU
		{BFD2CD78-7FB2-48AF-8E37-32F43AEFED22}.Debug|x64.Build.0 = Debug|Any CPU
		{BFD2CD78-7FB2-48AF-8E37-32F43AEFED22}.Debug|x86.ActiveCfg = Debug|Any CPU
		{BFD2CD78-7FB2-48AF-8E37-32F43AEFED22}.Debug|x86.Build.0 = Debug|Any CPU
		{BFD2CD78-7FB2-48AF-8E37-32F43AEFED22}.Release|Any CPU.ActiveCfg = Release|Any CPU
		{BFD2CD78-7FB2-48AF-8E37-32F43AEFED22}.Release|Any CPU.Build.0 = Release|Any CPU
		{BFD2CD78-7FB2-48AF-8E37-32F43AEFED22}.Release|x64.ActiveCfg = Release|Any CPU
		{BFD2CD78-7FB2-48AF-8E37-32F43AEFED22}.Release|x64.Build.0 = Release|Any CPU
		{BFD2CD78-7FB2-48AF-8E37-32F43AEFED22}.Release|x86.ActiveCfg = Release|Any CPU
		{BFD2CD78-7FB2-48AF-8E37-32F43AEFED22}.Release|x86.Build.0 = Release|Any CPU
		{0EC4AD21-1848-4FDA-9587-D5B7F86C414F}.Debug|Any CPU.ActiveCfg = Debug|Any CPU
		{0EC4AD21-1848-4FDA-9587-D5B7F86C414F}.Debug|Any CPU.Build.0 = Debug|Any CPU
		{0EC4AD21-1848-4FDA-9587-D5B7F86C414F}.Debug|x64.ActiveCfg = Debug|Any CPU
		{0EC4AD21-1848-4FDA-9587-D5B7F86C414F}.Debug|x64.Build.0 = Debug|Any CPU
		{0EC4AD21-1848-4FDA-9587-D5B7F86C414F}.Debug|x86.ActiveCfg = Debug|Any CPU
		{0EC4AD21-1848-4FDA-9587-D5B7F86C414F}.Debug|x86.Build.0 = Debug|Any CPU
		{0EC4AD21-1848-4FDA-9587-D5B7F86C414F}.Release|Any CPU.ActiveCfg = Release|Any CPU
		{0EC4AD21-1848-4FDA-9587-D5B7F86C414F}.Release|Any CPU.Build.0 = Release|Any CPU
		{0EC4AD21-1848-4FDA-9587-D5B7F86C414F}.Release|x64.ActiveCfg = Release|Any CPU
		{0EC4AD21-1848-4FDA-9587-D5B7F86C414F}.Release|x64.Build.0 = Release|Any CPU
		{0EC4AD21-1848-4FDA-9587-D5B7F86C414F}.Release|x86.ActiveCfg = Release|Any CPU
		{0EC4AD21-1848-4FDA-9587-D5B7F86C414F}.Release|x86.Build.0 = Release|Any CPU
		{D1349850-EB98-40E6-B646-F0107E04837A}.Debug|Any CPU.ActiveCfg = Debug|Any CPU
		{D1349850-EB98-40E6-B646-F0107E04837A}.Debug|Any CPU.Build.0 = Debug|Any CPU
		{D1349850-EB98-40E6-B646-F0107E04837A}.Debug|x64.ActiveCfg = Debug|Any CPU
		{D1349850-EB98-40E6-B646-F0107E04837A}.Debug|x64.Build.0 = Debug|Any CPU
		{D1349850-EB98-40E6-B646-F0107E04837A}.Debug|x86.ActiveCfg = Debug|Any CPU
		{D1349850-EB98-40E6-B646-F0107E04837A}.Debug|x86.Build.0 = Debug|Any CPU
		{D1349850-EB98-40E6-B646-F0107E04837A}.Release|Any CPU.ActiveCfg = Release|Any CPU
		{D1349850-EB98-40E6-B646-F0107E04837A}.Release|Any CPU.Build.0 = Release|Any CPU
		{D1349850-EB98-40E6-B646-F0107E04837A}.Release|x64.ActiveCfg = Release|Any CPU
		{D1349850-EB98-40E6-B646-F0107E04837A}.Release|x64.Build.0 = Release|Any CPU
		{D1349850-EB98-40E6-B646-F0107E04837A}.Release|x86.ActiveCfg = Release|Any CPU
		{D1349850-EB98-40E6-B646-F0107E04837A}.Release|x86.Build.0 = Release|Any CPU
		{181BEFBA-922A-4023-AAF2-5F7E505DA442}.Debug|Any CPU.ActiveCfg = Debug|Any CPU
		{181BEFBA-922A-4023-AAF2-5F7E505DA442}.Debug|Any CPU.Build.0 = Debug|Any CPU
		{181BEFBA-922A-4023-AAF2-5F7E505DA442}.Debug|x64.ActiveCfg = Debug|Any CPU
		{181BEFBA-922A-4023-AAF2-5F7E505DA442}.Debug|x64.Build.0 = Debug|Any CPU
		{181BEFBA-922A-4023-AAF2-5F7E505DA442}.Debug|x86.ActiveCfg = Debug|Any CPU
		{181BEFBA-922A-4023-AAF2-5F7E505DA442}.Debug|x86.Build.0 = Debug|Any CPU
		{181BEFBA-922A-4023-AAF2-5F7E505DA442}.Release|Any CPU.ActiveCfg = Release|Any CPU
		{181BEFBA-922A-4023-AAF2-5F7E505DA442}.Release|Any CPU.Build.0 = Release|Any CPU
		{181BEFBA-922A-4023-AAF2-5F7E505DA442}.Release|x64.ActiveCfg = Release|Any CPU
		{181BEFBA-922A-4023-AAF2-5F7E505DA442}.Release|x64.Build.0 = Release|Any CPU
		{181BEFBA-922A-4023-AAF2-5F7E505DA442}.Release|x86.ActiveCfg = Release|Any CPU
		{181BEFBA-922A-4023-AAF2-5F7E505DA442}.Release|x86.Build.0 = Release|Any CPU
		{F0FEF740-0E50-1F47-EBCB-9C2025A58939}.Debug|Any CPU.ActiveCfg = Debug|Any CPU
		{F0FEF740-0E50-1F47-EBCB-9C2025A58939}.Debug|Any CPU.Build.0 = Debug|Any CPU
		{F0FEF740-0E50-1F47-EBCB-9C2025A58939}.Debug|x64.ActiveCfg = Debug|Any CPU
		{F0FEF740-0E50-1F47-EBCB-9C2025A58939}.Debug|x64.Build.0 = Debug|Any CPU
		{F0FEF740-0E50-1F47-EBCB-9C2025A58939}.Debug|x86.ActiveCfg = Debug|Any CPU
		{F0FEF740-0E50-1F47-EBCB-9C2025A58939}.Debug|x86.Build.0 = Debug|Any CPU
		{F0FEF740-0E50-1F47-EBCB-9C2025A58939}.Release|Any CPU.ActiveCfg = Release|Any CPU
		{F0FEF740-0E50-1F47-EBCB-9C2025A58939}.Release|Any CPU.Build.0 = Release|Any CPU
		{F0FEF740-0E50-1F47-EBCB-9C2025A58939}.Release|x64.ActiveCfg = Release|Any CPU
		{F0FEF740-0E50-1F47-EBCB-9C2025A58939}.Release|x64.Build.0 = Release|Any CPU
		{F0FEF740-0E50-1F47-EBCB-9C2025A58939}.Release|x86.ActiveCfg = Release|Any CPU
		{F0FEF740-0E50-1F47-EBCB-9C2025A58939}.Release|x86.Build.0 = Release|Any CPU
		{303B9CD7-CB5B-AB4A-80DC-12CB9FB10582}.Debug|Any CPU.ActiveCfg = Debug|Any CPU
		{303B9CD7-CB5B-AB4A-80DC-12CB9FB10582}.Debug|Any CPU.Build.0 = Debug|Any CPU
		{303B9CD7-CB5B-AB4A-80DC-12CB9FB10582}.Debug|x64.ActiveCfg = Debug|Any CPU
		{303B9CD7-CB5B-AB4A-80DC-12CB9FB10582}.Debug|x64.Build.0 = Debug|Any CPU
		{303B9CD7-CB5B-AB4A-80DC-12CB9FB10582}.Debug|x86.ActiveCfg = Debug|Any CPU
		{303B9CD7-CB5B-AB4A-80DC-12CB9FB10582}.Debug|x86.Build.0 = Debug|Any CPU
		{303B9CD7-CB5B-AB4A-80DC-12CB9FB10582}.Release|Any CPU.ActiveCfg = Release|Any CPU
		{303B9CD7-CB5B-AB4A-80DC-12CB9FB10582}.Release|Any CPU.Build.0 = Release|Any CPU
		{303B9CD7-CB5B-AB4A-80DC-12CB9FB10582}.Release|x64.ActiveCfg = Release|Any CPU
		{303B9CD7-CB5B-AB4A-80DC-12CB9FB10582}.Release|x64.Build.0 = Release|Any CPU
		{303B9CD7-CB5B-AB4A-80DC-12CB9FB10582}.Release|x86.ActiveCfg = Release|Any CPU
		{303B9CD7-CB5B-AB4A-80DC-12CB9FB10582}.Release|x86.Build.0 = Release|Any CPU
	EndGlobalSection
	GlobalSection(SolutionProperties) = preSolution
		HideSolutionNode = FALSE
	EndGlobalSection
	GlobalSection(ExtensibilityGlobals) = postSolution
		SolutionGuid = {41E91812-780B-4964-9405-E5CDDE6727F4}
	EndGlobalSection
EndGlobal
