
Microsoft Visual Studio Solution File, Format Version 12.00
# Visual Studio Version 17
VisualStudioVersion = 17.0.31903.59
MinimumVisualStudioVersion = 10.0.40219.1
Project("{FAE04EC0-301F-11D3-BF4B-00C04F79EFBC}") = "WebApi", "WebApi\WebApi.csproj", "{BFD2CD78-7FB2-48AF-8E37-32F43AEFED22}"
EndProject
Project("{FAE04EC0-301F-11D3-BF4B-00C04F79EFBC}") = "Application", "Application\Application.csproj", "{0EC4AD21-1848-4FDA-9587-D5B7F86C414F}"
EndProject
Project("{FAE04EC0-301F-11D3-BF4B-00C04F79EFBC}") = "Domain", "Domain\Domain.csproj", "{D1349850-EB98-40E6-B646-F0107E04837A}"
EndProject
Project("{FAE04EC0-301F-11D3-BF4B-00C04F79EFBC}") = "Infrastructure", "Infrastructure\Infrastructure.csproj", "{181BEFBA-922A-4023-AAF2-5F7E505DA442}"
EndProject
Project("{2150E333-8FDC-42A3-9474-1A3956D46DE8}") = "tests", "tests", "{0AB3BF05-4346-4AA6-1389-037BE0695223}"
EndProject
Project("{2150E333-8FDC-42A3-9474-1A3956D46DE8}") = "UnitTests", "UnitTests", "{394A81D9-3C45-9818-BB26-23F2B85056FF}"
EndProject
Project("{2150E333-8FDC-42A3-9474-1A3956D46DE8}") = "Application.Tests", "Application.Tests", "{80F33B19-10C2-653B-273C-B5E60F2B1C93}"
EndProject
Project("{FAE04EC0-301F-11D3-BF4B-00C04F79EFBC}") = "Application.UnitTests", "tests\UnitTests\Application.Tests\Application.UnitTests.csproj", "{25F7BED3-F6D1-4CA1-88CC-EE95B402BAAF}"
EndProject
Project("{2150E333-8FDC-42A3-9474-1A3956D46DE8}") = "WebApi.Tests", "WebApi.Tests", "{ABF8A147-D02A-729E-B68F-3FF25FBD03AA}"
EndProject
Project("{FAE04EC0-301F-11D3-BF4B-00C04F79EFBC}") = "WebApi.UnitTests", "tests\UnitTests\WebApi.Tests\WebApi.UnitTests.csproj", "{9ED86258-709C-41DE-8A6D-E779A80617AF}"
EndProject
Global
	GlobalSection(SolutionConfigurationPlatforms) = preSolution
		Debug|Any CPU = Debug|Any CPU
		Debug|x64 = Debug|x64
		Debug|x86 = Debug|x86
		Release|Any CPU = Release|Any CPU
		Release|x64 = Release|x64
		Release|x86 = Release|x86
	EndGlobalSection
	GlobalSection(ProjectConfigurationPlatforms) = postSolution
		{BFD2CD78-7FB2-48AF-8E37-32F43AEFED22}.Debug|Any CPU.ActiveCfg = Debug|Any CPU
		{BFD2CD78-7FB2-48AF-8E37-32F43AEFED22}.Debug|Any CPU.Build.0 = Debug|Any CPU
		{BFD2CD78-7FB2-48AF-8E37-32F43AEFED22}.Debug|x64.ActiveCfg = Debug|Any CPU
		{BFD2CD78-7FB2-48AF-8E37-32F43AEFED22}.Debug|x64.Build.0 = Debug|Any CPU
		{BFD2CD78-7FB2-48AF-8E37-32F43AEFED22}.Debug|x86.ActiveCfg = Debug|Any CPU
		{BFD2CD78-7FB2-48AF-8E37-32F43AEFED22}.Debug|x86.Build.0 = Debug|Any CPU
		{BFD2CD78-7FB2-48AF-8E37-32F43AEFED22}.Release|Any CPU.ActiveCfg = Release|Any CPU
		{BFD2CD78-7FB2-48AF-8E37-32F43AEFED22}.Release|Any CPU.Build.0 = Release|Any CPU
		{BFD2CD78-7FB2-48AF-8E37-32F43AEFED22}.Release|x64.ActiveCfg = Release|Any CPU
		{BFD2CD78-7FB2-48AF-8E37-32F43AEFED22}.Release|x64.Build.0 = Release|Any CPU
		{BFD2CD78-7FB2-48AF-8E37-32F43AEFED22}.Release|x86.ActiveCfg = Release|Any CPU
		{BFD2CD78-7FB2-48AF-8E37-32F43AEFED22}.Release|x86.Build.0 = Release|Any CPU
		{0EC4AD21-1848-4FDA-9587-D5B7F86C414F}.Debug|Any CPU.ActiveCfg = Debug|Any CPU
		{0EC4AD21-1848-4FDA-9587-D5B7F86C414F}.Debug|Any CPU.Build.0 = Debug|Any CPU
		{0EC4AD21-1848-4FDA-9587-D5B7F86C414F}.Debug|x64.ActiveCfg = Debug|Any CPU
		{0EC4AD21-1848-4FDA-9587-D5B7F86C414F}.Debug|x64.Build.0 = Debug|Any CPU
		{0EC4AD21-1848-4FDA-9587-D5B7F86C414F}.Debug|x86.ActiveCfg = Debug|Any CPU
		{0EC4AD21-1848-4FDA-9587-D5B7F86C414F}.Debug|x86.Build.0 = Debug|Any CPU
		{0EC4AD21-1848-4FDA-9587-D5B7F86C414F}.Release|Any CPU.ActiveCfg = Release|Any CPU
		{0EC4AD21-1848-4FDA-9587-D5B7F86C414F}.Release|Any CPU.Build.0 = Release|Any CPU
		{0EC4AD21-1848-4FDA-9587-D5B7F86C414F}.Release|x64.ActiveCfg = Release|Any CPU
		{0EC4AD21-1848-4FDA-9587-D5B7F86C414F}.Release|x64.Build.0 = Release|Any CPU
		{0EC4AD21-1848-4FDA-9587-D5B7F86C414F}.Release|x86.ActiveCfg = Release|Any CPU
		{0EC4AD21-1848-4FDA-9587-D5B7F86C414F}.Release|x86.Build.0 = Release|Any CPU
		{D1349850-EB98-40E6-B646-F0107E04837A}.Debug|Any CPU.ActiveCfg = Debug|Any CPU
		{D1349850-EB98-40E6-B646-F0107E04837A}.Debug|Any CPU.Build.0 = Debug|Any CPU
		{D1349850-EB98-40E6-B646-F0107E04837A}.Debug|x64.ActiveCfg = Debug|Any CPU
		{D1349850-EB98-40E6-B646-F0107E04837A}.Debug|x64.Build.0 = Debug|Any CPU
		{D1349850-EB98-40E6-B646-F0107E04837A}.Debug|x86.ActiveCfg = Debug|Any CPU
		{D1349850-EB98-40E6-B646-F0107E04837A}.Debug|x86.Build.0 = Debug|Any CPU
		{D1349850-EB98-40E6-B646-F0107E04837A}.Release|Any CPU.ActiveCfg = Release|Any CPU
		{D1349850-EB98-40E6-B646-F0107E04837A}.Release|Any CPU.Build.0 = Release|Any CPU
		{D1349850-EB98-40E6-B646-F0107E04837A}.Release|x64.ActiveCfg = Release|Any CPU
		{D1349850-EB98-40E6-B646-F0107E04837A}.Release|x64.Build.0 = Release|Any CPU
		{D1349850-EB98-40E6-B646-F0107E04837A}.Release|x86.ActiveCfg = Release|Any CPU
		{D1349850-EB98-40E6-B646-F0107E04837A}.Release|x86.Build.0 = Release|Any CPU
		{181BEFBA-922A-4023-AAF2-5F7E505DA442}.Debug|Any CPU.ActiveCfg = Debug|Any CPU
		{181BEFBA-922A-4023-AAF2-5F7E505DA442}.Debug|Any CPU.Build.0 = Debug|Any CPU
		{181BEFBA-922A-4023-AAF2-5F7E505DA442}.Debug|x64.ActiveCfg = Debug|Any CPU
		{181BEFBA-922A-4023-AAF2-5F7E505DA442}.Debug|x64.Build.0 = Debug|Any CPU
		{181BEFBA-922A-4023-AAF2-5F7E505DA442}.Debug|x86.ActiveCfg = Debug|Any CPU
		{181BEFBA-922A-4023-AAF2-5F7E505DA442}.Debug|x86.Build.0 = Debug|Any CPU
		{181BEFBA-922A-4023-AAF2-5F7E505DA442}.Release|Any CPU.ActiveCfg = Release|Any CPU
		{181BEFBA-922A-4023-AAF2-5F7E505DA442}.Release|Any CPU.Build.0 = Release|Any CPU
		{181BEFBA-922A-4023-AAF2-5F7E505DA442}.Release|x64.ActiveCfg = Release|Any CPU
		{181BEFBA-922A-4023-AAF2-5F7E505DA442}.Release|x64.Build.0 = Release|Any CPU
		{181BEFBA-922A-4023-AAF2-5F7E505DA442}.Release|x86.ActiveCfg = Release|Any CPU
		{181BEFBA-922A-4023-AAF2-5F7E505DA442}.Release|x86.Build.0 = Release|Any CPU
		{25F7BED3-F6D1-4CA1-88CC-EE95B402BAAF}.Debug|Any CPU.ActiveCfg = Debug|Any CPU
		{25F7BED3-F6D1-4CA1-88CC-EE95B402BAAF}.Debug|Any CPU.Build.0 = Debug|Any CPU
		{25F7BED3-F6D1-4CA1-88CC-EE95B402BAAF}.Debug|x64.ActiveCfg = Debug|Any CPU
		{25F7BED3-F6D1-4CA1-88CC-EE95B402BAAF}.Debug|x64.Build.0 = Debug|Any CPU
		{25F7BED3-F6D1-4CA1-88CC-EE95B402BAAF}.Debug|x86.ActiveCfg = Debug|Any CPU
		{25F7BED3-F6D1-4CA1-88CC-EE95B402BAAF}.Debug|x86.Build.0 = Debug|Any CPU
		{25F7BED3-F6D1-4CA1-88CC-EE95B402BAAF}.Release|Any CPU.ActiveCfg = Release|Any CPU
		{25F7BED3-F6D1-4CA1-88CC-EE95B402BAAF}.Release|Any CPU.Build.0 = Release|Any CPU
		{25F7BED3-F6D1-4CA1-88CC-EE95B402BAAF}.Release|x64.ActiveCfg = Release|Any CPU
		{25F7BED3-F6D1-4CA1-88CC-EE95B402BAAF}.Release|x64.Build.0 = Release|Any CPU
		{25F7BED3-F6D1-4CA1-88CC-EE95B402BAAF}.Release|x86.ActiveCfg = Release|Any CPU
		{25F7BED3-F6D1-4CA1-88CC-EE95B402BAAF}.Release|x86.Build.0 = Release|Any CPU
		{9ED86258-709C-41DE-8A6D-E779A80617AF}.Debug|Any CPU.ActiveCfg = Debug|Any CPU
		{9ED86258-709C-41DE-8A6D-E779A80617AF}.Debug|Any CPU.Build.0 = Debug|Any CPU
		{9ED86258-709C-41DE-8A6D-E779A80617AF}.Debug|x64.ActiveCfg = Debug|Any CPU
		{9ED86258-709C-41DE-8A6D-E779A80617AF}.Debug|x64.Build.0 = Debug|Any CPU
		{9ED86258-709C-41DE-8A6D-E779A80617AF}.Debug|x86.ActiveCfg = Debug|Any CPU
		{9ED86258-709C-41DE-8A6D-E779A80617AF}.Debug|x86.Build.0 = Debug|Any CPU
		{9ED86258-709C-41DE-8A6D-E779A80617AF}.Release|Any CPU.ActiveCfg = Release|Any CPU
		{9ED86258-709C-41DE-8A6D-E779A80617AF}.Release|Any CPU.Build.0 = Release|Any CPU
		{9ED86258-709C-41DE-8A6D-E779A80617AF}.Release|x64.ActiveCfg = Release|Any CPU
		{9ED86258-709C-41DE-8A6D-E779A80617AF}.Release|x64.Build.0 = Release|Any CPU
		{9ED86258-709C-41DE-8A6D-E779A80617AF}.Release|x86.ActiveCfg = Release|Any CPU
		{9ED86258-709C-41DE-8A6D-E779A80617AF}.Release|x86.Build.0 = Release|Any CPU
	EndGlobalSection
	GlobalSection(SolutionProperties) = preSolution
		HideSolutionNode = FALSE
	EndGlobalSection
	GlobalSection(NestedProjects) = preSolution
		{394A81D9-3C45-9818-BB26-23F2B85056FF} = {0AB3BF05-4346-4AA6-1389-037BE0695223}
		{80F33B19-10C2-653B-273C-B5E60F2B1C93} = {394A81D9-3C45-9818-BB26-23F2B85056FF}
		{25F7BED3-F6D1-4CA1-88CC-EE95B402BAAF} = {80F33B19-10C2-653B-273C-B5E60F2B1C93}
		{ABF8A147-D02A-729E-B68F-3FF25FBD03AA} = {394A81D9-3C45-9818-BB26-23F2B85056FF}
		{9ED86258-709C-41DE-8A6D-E779A80617AF} = {ABF8A147-D02A-729E-B68F-3FF25FBD03AA}
	EndGlobalSection
	GlobalSection(ExtensibilityGlobals) = postSolution
		SolutionGuid = {41E91812-780B-4964-9405-E5CDDE6727F4}
	EndGlobalSection
EndGlobal
